
Microsoft Visual Studio Solution File, Format Version 12.00
# Visual Studio Version 17
VisualStudioVersion = 17.2.32602.215
MinimumVisualStudioVersion = 10.0.40219.1
Project("{9A19103F-16F7-4668-BE54-9A1E7A4F7556}") = "Pkmn.Modelos", "Pkmn.Modelos\Pkmn.Modelos.csproj", "{D15A396C-CE4E-460F-80A2-425DC64B0D57}"
EndProject
Project("{9A19103F-16F7-4668-BE54-9A1E7A4F7556}") = "Pkmn.Aplicacion", "Pkmn.Aplicacion\Pkmn.Aplicacion.csproj", "{247551C2-BDBA-4733-9B8E-D7349C53C5DA}"
EndProject
Project("{FAE04EC0-301F-11D3-BF4B-00C04F79EFBC}") = "Pkmn.Datos", "Pkmn.Datos\Pkmn.Datos.csproj", "{C76AB500-0865-45F9-8DC2-A0EFC4F763E5}"
EndProject
Project("{FAE04EC0-301F-11D3-BF4B-00C04F79EFBC}") = "Pkmn.Logica", "Pkmn.Logica\Pkmn.Logica.csproj", "{D899547C-DFD7-4B73-B867-AFA37F08C4D9}"
EndProject
Global
	GlobalSection(SolutionConfigurationPlatforms) = preSolution
		Debug|Any CPU = Debug|Any CPU
		Release|Any CPU = Release|Any CPU
	EndGlobalSection
	GlobalSection(ProjectConfigurationPlatforms) = postSolution
		{D15A396C-CE4E-460F-80A2-425DC64B0D57}.Debug|Any CPU.ActiveCfg = Debug|Any CPU
		{D15A396C-CE4E-460F-80A2-425DC64B0D57}.Debug|Any CPU.Build.0 = Debug|Any CPU
		{D15A396C-CE4E-460F-80A2-425DC64B0D57}.Release|Any CPU.ActiveCfg = Release|Any CPU
		{D15A396C-CE4E-460F-80A2-425DC64B0D57}.Release|Any CPU.Build.0 = Release|Any CPU
		{247551C2-BDBA-4733-9B8E-D7349C53C5DA}.Debug|Any CPU.ActiveCfg = Debug|Any CPU
		{247551C2-BDBA-4733-9B8E-D7349C53C5DA}.Debug|Any CPU.Build.0 = Debug|Any CPU
		{247551C2-BDBA-4733-9B8E-D7349C53C5DA}.Release|Any CPU.ActiveCfg = Release|Any CPU
		{247551C2-BDBA-4733-9B8E-D7349C53C5DA}.Release|Any CPU.Build.0 = Release|Any CPU
		{C76AB500-0865-45F9-8DC2-A0EFC4F763E5}.Debug|Any CPU.ActiveCfg = Debug|Any CPU
		{C76AB500-0865-45F9-8DC2-A0EFC4F763E5}.Debug|Any CPU.Build.0 = Debug|Any CPU
		{C76AB500-0865-45F9-8DC2-A0EFC4F763E5}.Release|Any CPU.ActiveCfg = Release|Any CPU
		{C76AB500-0865-45F9-8DC2-A0EFC4F763E5}.Release|Any CPU.Build.0 = Release|Any CPU
		{D899547C-DFD7-4B73-B867-AFA37F08C4D9}.Debug|Any CPU.ActiveCfg = Debug|Any CPU
		{D899547C-DFD7-4B73-B867-AFA37F08C4D9}.Debug|Any CPU.Build.0 = Debug|Any CPU
		{D899547C-DFD7-4B73-B867-AFA37F08C4D9}.Release|Any CPU.ActiveCfg = Release|Any CPU
		{D899547C-DFD7-4B73-B867-AFA37F08C4D9}.Release|Any CPU.Build.0 = Release|Any CPU
	EndGlobalSection
	GlobalSection(SolutionProperties) = preSolution
		HideSolutionNode = FALSE
	EndGlobalSection
	GlobalSection(ExtensibilityGlobals) = postSolution
		SolutionGuid = {8CDB7BF9-2C2D-481C-A4D4-7077FD323B6D}
	EndGlobalSection
EndGlobal
